
Microsoft Visual Studio Solution File, Format Version 12.00
# Visual Studio Version 17
VisualStudioVersion = 17.5.33530.505
MinimumVisualStudioVersion = 10.0.40219.1
Project("{FAE04EC0-301F-11D3-BF4B-00C04F79EFBC}") = "TatilSeyahatSitesi", "TatilSeyahatSitesi\TatilSeyahatSitesi.csproj", "{D3BC48E6-5B28-4BA5-8FF0-B3A882974A04}"
EndProject
Global
	GlobalSection(SolutionConfigurationPlatforms) = preSolution
		Debug|Any CPU = Debug|Any CPU
		Release|Any CPU = Release|Any CPU
	EndGlobalSection
	GlobalSection(ProjectConfigurationPlatforms) = postSolution
		{D3BC48E6-5B28-4BA5-8FF0-B3A882974A04}.Debug|Any CPU.ActiveCfg = Debug|Any CPU
		{D3BC48E6-5B28-4BA5-8FF0-B3A882974A04}.Debug|Any CPU.Build.0 = Debug|Any CPU
		{D3BC48E6-5B28-4BA5-8FF0-B3A882974A04}.Release|Any CPU.ActiveCfg = Release|Any CPU
		{D3BC48E6-5B28-4BA5-8FF0-B3A882974A04}.Release|Any CPU.Build.0 = Release|Any CPU
	EndGlobalSection
	GlobalSection(SolutionProperties) = preSolution
		HideSolutionNode = FALSE
	EndGlobalSection
	GlobalSection(ExtensibilityGlobals) = postSolution
		SolutionGuid = {70536227-613A-4AE6-9B3C-F8562E0EFB3E}
	EndGlobalSection
EndGlobal
